
Microsoft Visual Studio Solution File, Format Version 12.00
# Visual Studio 14
VisualStudioVersion = 14.0.25420.1
MinimumVisualStudioVersion = 10.0.40219.1
Project("{FAE04EC0-301F-11D3-BF4B-00C04F79EFBC}") = "HelloWorld", "HelloWorld\HelloWorld.csproj", "{0F631C59-A133-4CDB-B140-C1FEE9C21728}"
EndProject
Project("{FAE04EC0-301F-11D3-BF4B-00C04F79EFBC}") = "OpenEpsService", "OpenEpsService\OpenEpsService.csproj", "{2F166FA3-19F0-4279-AC0A-051E62D6EBD2}"
EndProject
Global
	GlobalSection(SolutionConfigurationPlatforms) = preSolution
		Debug|Any CPU = Debug|Any CPU
		Release|Any CPU = Release|Any CPU
	EndGlobalSection
	GlobalSection(ProjectConfigurationPlatforms) = postSolution
		{0F631C59-A133-4CDB-B140-C1FEE9C21728}.Debug|Any CPU.ActiveCfg = Debug|Any CPU
		{0F631C59-A133-4CDB-B140-C1FEE9C21728}.Debug|Any CPU.Build.0 = Debug|Any CPU
		{0F631C59-A133-4CDB-B140-C1FEE9C21728}.Release|Any CPU.ActiveCfg = Release|Any CPU
		{0F631C59-A133-4CDB-B140-C1FEE9C21728}.Release|Any CPU.Build.0 = Release|Any CPU
		{2F166FA3-19F0-4279-AC0A-051E62D6EBD2}.Debug|Any CPU.ActiveCfg = Debug|Any CPU
		{2F166FA3-19F0-4279-AC0A-051E62D6EBD2}.Debug|Any CPU.Build.0 = Debug|Any CPU
		{2F166FA3-19F0-4279-AC0A-051E62D6EBD2}.Release|Any CPU.ActiveCfg = Release|Any CPU
		{2F166FA3-19F0-4279-AC0A-051E62D6EBD2}.Release|Any CPU.Build.0 = Release|Any CPU
	EndGlobalSection
	GlobalSection(SolutionProperties) = preSolution
		HideSolutionNode = FALSE
	EndGlobalSection
EndGlobal
